{
  "name": "city-mus",
  "version": "0.1.0",
  "lockfileVersion": 1,
  "dependencies": {
    "@uirouter/angularjs": {
      "version": "1.0.5",
      "resolved": "https://registry.npmjs.org/@uirouter/angularjs/-/angularjs-1.0.5.tgz",
      "integrity": "sha512-VXNgZxBSfgntz9XsxbB0vkzkUQGUYJnF3S7clVtD4YCzRJnRNWywyYjx7zP2JJc6yBMLYmi8fjSUsQZp39uosg=="
    },
    "@uirouter/core": {
      "version": "5.0.5",
      "resolved": "https://registry.npmjs.org/@uirouter/core/-/core-5.0.5.tgz",
      "integrity": "sha512-z7zOXZKEFOloIeSMtsDpudWWfXd7L2qmhyxOAve4ZGFYwBn98zYBd2R4CIlPWMpcm4ZwfhIMTVUxCDgSSXrPKw=="
    },
    "angular": {
      "version": "1.6.5",
      "resolved": "https://registry.npmjs.org/angular/-/angular-1.6.5.tgz",
      "integrity": "sha1-N/eI7r7Fzi4/oCsXu8sqIxV2oNY="
    },
    "angular-animate": {
      "version": "1.6.5",
      "resolved": "https://registry.npmjs.org/angular-animate/-/angular-animate-1.6.5.tgz",
      "integrity": "sha1-OBfHWIDQX8iZpsjUsJ0cxipx6To="
    },
    "angular-aria": {
      "version": "1.6.5",
      "resolved": "https://registry.npmjs.org/angular-aria/-/angular-aria-1.6.5.tgz",
      "integrity": "sha1-N9nTU0nfV5NJaNx+FnnZfqlvhjw="
    },
    "angular-google-maps": {
      "version": "2.4.1",
      "resolved": "https://registry.npmjs.org/angular-google-maps/-/angular-google-maps-2.4.1.tgz",
      "integrity": "sha1-oEefOpnNppC3LfU2zxx30R4Y7iM="
    },
    "angular-simple-logger": {
      "version": "0.1.7",
      "resolved": "https://registry.npmjs.org/angular-simple-logger/-/angular-simple-logger-0.1.7.tgz",
      "integrity": "sha1-SuSOXqwJc/V3hFkY5W1JM89m8EE="
    },
    "angular-ui-bootstrap": {
      "version": "2.5.0",
      "resolved": "https://registry.npmjs.org/angular-ui-bootstrap/-/angular-ui-bootstrap-2.5.0.tgz",
      "integrity": "sha1-L6zvuRU4ZlXcX0QVAlgDJRcjbQE="
    },
    "bootstrap": {
      "version": "3.3.7",
      "resolved": "https://registry.npmjs.org/bootstrap/-/bootstrap-3.3.7.tgz",
      "integrity": "sha1-WjiTlFSfIzMIdaOxUGVldPip63E="
    },
    "bootstrap-select": {
      "version": "1.12.3",
      "resolved": "https://registry.npmjs.org/bootstrap-select/-/bootstrap-select-1.12.3.tgz",
      "integrity": "sha1-sXDSPLC+CD7TxJb41mgT4bO7yc4="
    },
    "coffee-script": {
      "version": "1.10.0",
      "resolved": "https://registry.npmjs.org/coffee-script/-/coffee-script-1.10.0.tgz",
      "integrity": "sha1-EpOLz5vhlI+gBvkuDEyegXBRCMA="
    },
    "debug": {
      "version": "2.6.8",
      "resolved": "https://registry.npmjs.org/debug/-/debug-2.6.8.tgz",
      "integrity": "sha1-5zFTHKLt4n0YgiJCfaF4IdaP9Pw="
    },
    "google-maps-utility-library-v3-infobox": {
      "version": "1.1.14",
      "resolved": "https://registry.npmjs.org/google-maps-utility-library-v3-infobox/-/google-maps-utility-library-v3-infobox-1.1.14.tgz",
      "integrity": "sha1-aciIzvi/+GnDInXjQT2QzAk5KRQ="
    },
    "google-maps-utility-library-v3-keydragzoom": {
      "version": "2.0.9",
      "resolved": "https://registry.npmjs.org/google-maps-utility-library-v3-keydragzoom/-/google-maps-utility-library-v3-keydragzoom-2.0.9.tgz",
      "integrity": "sha1-LfoF/tKXbYL8HMOfzGF1wB7AZHc="
    },
    "jquery": {
      "version": "3.2.1",
      "resolved": "https://registry.npmjs.org/jquery/-/jquery-3.2.1.tgz",
      "integrity": "sha1-XE2d5lKvbNCncBVKYxu6ErAVx4c="
    },
    "js-rich-marker": {
      "version": "git://github.com/MikaFima/js-rich-marker.git#0383f4bbdad4ddf154772fedbdd27e464600e943"
    },
    "lodash": {
      "version": "4.17.4",
      "resolved": "https://registry.npmjs.org/lodash/-/lodash-4.17.4.tgz",
      "integrity": "sha1-eCA6TRwyiuHYbcpkYONptX9AVa4="
    },
    "markerclustererplus": {
      "version": "2.1.4",
      "resolved": "https://registry.npmjs.org/markerclustererplus/-/markerclustererplus-2.1.4.tgz",
      "integrity": "sha1-kBIlGA3V1fwIJ3U6GO7jWvz5xPc="
    },
    "mdi": {
      "version": "1.9.33",
      "resolved": "https://registry.npmjs.org/mdi/-/mdi-1.9.33.tgz",
      "integrity": "sha1-PK9tlfxrgAYzYwvWK6DPH73msuI="
    },
    "ms": {
      "version": "2.0.0",
      "resolved": "https://registry.npmjs.org/ms/-/ms-2.0.0.tgz",
      "integrity": "sha1-VgiurfwAvmwpAd9fmGF4jeDVl8g="
    }
  }
}
