{
  "name": "city-mus",
  "version": "0.1.0",
  "lockfileVersion": 1,
  "requires": true,
  "dependencies": {
    "@uirouter/angularjs": {
      "version": "1.0.5",
      "resolved": "https://registry.npmjs.org/@uirouter/angularjs/-/angularjs-1.0.5.tgz",
      "integrity": "sha512-VXNgZxBSfgntz9XsxbB0vkzkUQGUYJnF3S7clVtD4YCzRJnRNWywyYjx7zP2JJc6yBMLYmi8fjSUsQZp39uosg==",
      "requires": {
        "@uirouter/core": "5.0.5"
      }
    },
    "@uirouter/core": {
      "version": "5.0.5",
      "resolved": "https://registry.npmjs.org/@uirouter/core/-/core-5.0.5.tgz",
      "integrity": "sha512-z7zOXZKEFOloIeSMtsDpudWWfXd7L2qmhyxOAve4ZGFYwBn98zYBd2R4CIlPWMpcm4ZwfhIMTVUxCDgSSXrPKw=="
    },
    "amdefine": {
      "version": "1.0.1",
      "resolved": "https://registry.npmjs.org/amdefine/-/amdefine-1.0.1.tgz",
      "integrity": "sha1-SlKCrBZHKek2Gbz9OtFR+BfOkfU=",
      "dev": true
    },
    "angular": {
      "version": "1.6.5",
      "resolved": "https://registry.npmjs.org/angular/-/angular-1.6.5.tgz",
      "integrity": "sha1-N/eI7r7Fzi4/oCsXu8sqIxV2oNY="
    },
    "angular-animate": {
      "version": "1.6.5",
      "resolved": "https://registry.npmjs.org/angular-animate/-/angular-animate-1.6.5.tgz",
      "integrity": "sha1-OBfHWIDQX8iZpsjUsJ0cxipx6To="
    },
    "angular-aria": {
      "version": "1.6.5",
      "resolved": "https://registry.npmjs.org/angular-aria/-/angular-aria-1.6.5.tgz",
      "integrity": "sha1-N9nTU0nfV5NJaNx+FnnZfqlvhjw="
    },
    "angular-google-maps": {
      "version": "2.4.1",
      "resolved": "https://registry.npmjs.org/angular-google-maps/-/angular-google-maps-2.4.1.tgz",
      "integrity": "sha1-oEefOpnNppC3LfU2zxx30R4Y7iM=",
      "requires": {
        "angular": "1.6.5",
        "angular-simple-logger": "0.1.7",
        "google-maps-utility-library-v3-infobox": "1.1.14",
        "google-maps-utility-library-v3-keydragzoom": "2.0.9",
        "google-maps-utility-library-v3-markerwithlabel": "git://github.com/nmccready/google-maps-utility-library-v3-markerwithlabel.git#1e1ae841596ce41fb5cfaff301477393c5621d3d",
        "js-rich-marker": "git://github.com/MikaFima/js-rich-marker.git#0383f4bbdad4ddf154772fedbdd27e464600e943",
        "lodash": "4.17.4",
        "markerclustererplus": "2.1.4"
      }
    },
    "angular-simple-logger": {
      "version": "0.1.7",
      "resolved": "https://registry.npmjs.org/angular-simple-logger/-/angular-simple-logger-0.1.7.tgz",
      "integrity": "sha1-SuSOXqwJc/V3hFkY5W1JM89m8EE=",
      "requires": {
        "angular": "1.6.5",
        "debug": "2.6.8"
      }
    },
    "angular-ui-bootstrap": {
      "version": "2.5.0",
      "resolved": "https://registry.npmjs.org/angular-ui-bootstrap/-/angular-ui-bootstrap-2.5.0.tgz",
      "integrity": "sha1-L6zvuRU4ZlXcX0QVAlgDJRcjbQE="
    },
    "balanced-match": {
      "version": "1.0.0",
      "resolved": "https://registry.npmjs.org/balanced-match/-/balanced-match-1.0.0.tgz",
      "integrity": "sha1-ibTRmasr7kneFk6gK4nORi1xt2c=",
      "dev": true
    },
    "bootstrap": {
      "version": "3.3.7",
      "resolved": "https://registry.npmjs.org/bootstrap/-/bootstrap-3.3.7.tgz",
      "integrity": "sha1-WjiTlFSfIzMIdaOxUGVldPip63E="
    },
    "bootstrap-select": {
      "version": "1.12.3",
      "resolved": "https://registry.npmjs.org/bootstrap-select/-/bootstrap-select-1.12.3.tgz",
      "integrity": "sha1-sXDSPLC+CD7TxJb41mgT4bO7yc4=",
      "requires": {
        "jquery": "3.2.1"
      }
    },
    "brace-expansion": {
      "version": "1.1.8",
      "resolved": "https://registry.npmjs.org/brace-expansion/-/brace-expansion-1.1.8.tgz",
      "integrity": "sha1-wHshHHyVLsH479Uad+8NHTmQopI=",
      "dev": true,
      "requires": {
        "balanced-match": "1.0.0",
        "concat-map": "0.0.1"
      }
    },
    "coffee-script": {
      "version": "1.10.0",
      "resolved": "https://registry.npmjs.org/coffee-script/-/coffee-script-1.10.0.tgz",
      "integrity": "sha1-EpOLz5vhlI+gBvkuDEyegXBRCMA="
    },
    "concat-map": {
      "version": "0.0.1",
      "resolved": "https://registry.npmjs.org/concat-map/-/concat-map-0.0.1.tgz",
      "integrity": "sha1-2Klr13/Wjfd5OnMDajug1UBdR3s=",
      "dev": true
    },
    "css-parse": {
      "version": "1.7.0",
      "resolved": "https://registry.npmjs.org/css-parse/-/css-parse-1.7.0.tgz",
      "integrity": "sha1-Mh9s9zeCpv91ERE5D8BeLGV9jJs=",
      "dev": true
    },
    "debug": {
      "version": "2.6.8",
      "resolved": "https://registry.npmjs.org/debug/-/debug-2.6.8.tgz",
      "integrity": "sha1-5zFTHKLt4n0YgiJCfaF4IdaP9Pw=",
      "requires": {
        "ms": "2.0.0"
      }
    },
    "fs.realpath": {
      "version": "1.0.0",
      "resolved": "https://registry.npmjs.org/fs.realpath/-/fs.realpath-1.0.0.tgz",
      "integrity": "sha1-FQStJSMVjKpA20onh8sBQRmU6k8=",
      "dev": true
    },
    "glob": {
      "version": "7.0.6",
      "resolved": "https://registry.npmjs.org/glob/-/glob-7.0.6.tgz",
      "integrity": "sha1-IRuvr0nlJbjNkyYNFKsTYVKz9Xo=",
      "dev": true,
      "requires": {
        "fs.realpath": "1.0.0",
        "inflight": "1.0.6",
        "inherits": "2.0.3",
        "minimatch": "3.0.4",
        "once": "1.4.0",
        "path-is-absolute": "1.0.1"
      }
    },
    "google-maps-utility-library-v3-infobox": {
      "version": "1.1.14",
      "resolved": "https://registry.npmjs.org/google-maps-utility-library-v3-infobox/-/google-maps-utility-library-v3-infobox-1.1.14.tgz",
      "integrity": "sha1-aciIzvi/+GnDInXjQT2QzAk5KRQ=",
      "requires": {
        "coffee-script": "1.10.0"
      }
    },
    "google-maps-utility-library-v3-keydragzoom": {
      "version": "2.0.9",
      "resolved": "https://registry.npmjs.org/google-maps-utility-library-v3-keydragzoom/-/google-maps-utility-library-v3-keydragzoom-2.0.9.tgz",
      "integrity": "sha1-LfoF/tKXbYL8HMOfzGF1wB7AZHc=",
      "requires": {
        "coffee-script": "1.10.0"
      }
    },
    "google-maps-utility-library-v3-markerwithlabel": {
      "version": "git://github.com/nmccready/google-maps-utility-library-v3-markerwithlabel.git#1e1ae841596ce41fb5cfaff301477393c5621d3d"
    },
    "inflight": {
      "version": "1.0.6",
      "resolved": "https://registry.npmjs.org/inflight/-/inflight-1.0.6.tgz",
      "integrity": "sha1-Sb1jMdfQLQwJvJEKEHW6gWW1bfk=",
      "dev": true,
      "requires": {
        "once": "1.4.0",
        "wrappy": "1.0.2"
      }
    },
    "inherits": {
      "version": "2.0.3",
      "resolved": "https://registry.npmjs.org/inherits/-/inherits-2.0.3.tgz",
      "integrity": "sha1-Yzwsg+PaQqUC9SRmAiSA9CCCYd4=",
      "dev": true
    },
    "jquery": {
      "version": "3.2.1",
      "resolved": "https://registry.npmjs.org/jquery/-/jquery-3.2.1.tgz",
      "integrity": "sha1-XE2d5lKvbNCncBVKYxu6ErAVx4c="
    },
    "js-rich-marker": {
      "version": "git://github.com/MikaFima/js-rich-marker.git#0383f4bbdad4ddf154772fedbdd27e464600e943"
    },
    "lodash": {
      "version": "4.17.4",
      "resolved": "https://registry.npmjs.org/lodash/-/lodash-4.17.4.tgz",
      "integrity": "sha1-eCA6TRwyiuHYbcpkYONptX9AVa4="
    },
    "markerclustererplus": {
      "version": "2.1.4",
      "resolved": "https://registry.npmjs.org/markerclustererplus/-/markerclustererplus-2.1.4.tgz",
      "integrity": "sha1-kBIlGA3V1fwIJ3U6GO7jWvz5xPc="
    },
    "mdi": {
      "version": "1.9.33",
      "resolved": "https://registry.npmjs.org/mdi/-/mdi-1.9.33.tgz",
      "integrity": "sha1-PK9tlfxrgAYzYwvWK6DPH73msuI="
    },
    "minimatch": {
      "version": "3.0.4",
      "resolved": "https://registry.npmjs.org/minimatch/-/minimatch-3.0.4.tgz",
      "integrity": "sha512-yJHVQEhyqPLUTgt9B83PXu6W3rx4MvvHvSUvToogpwoGDOUQ+yDrR0HRot+yOCdCO7u4hX3pWft6kWBBcqh0UA==",
      "dev": true,
      "requires": {
        "brace-expansion": "1.1.8"
      }
    },
    "minimist": {
      "version": "0.0.8",
      "resolved": "https://registry.npmjs.org/minimist/-/minimist-0.0.8.tgz",
      "integrity": "sha1-hX/Kv8M5fSYluCKCYuhqp6ARsF0=",
      "dev": true
    },
    "mkdirp": {
      "version": "0.5.1",
      "resolved": "https://registry.npmjs.org/mkdirp/-/mkdirp-0.5.1.tgz",
      "integrity": "sha1-MAV0OOrGz3+MR2fzhkjWaX11yQM=",
      "dev": true,
      "requires": {
        "minimist": "0.0.8"
      }
    },
    "ms": {
      "version": "2.0.0",
      "resolved": "https://registry.npmjs.org/ms/-/ms-2.0.0.tgz",
      "integrity": "sha1-VgiurfwAvmwpAd9fmGF4jeDVl8g="
    },
    "nib": {
      "version": "1.1.2",
      "resolved": "https://registry.npmjs.org/nib/-/nib-1.1.2.tgz",
      "integrity": "sha1-amnt5AgblcDe+L4CSkyK4MLLtsc=",
      "dev": true,
      "requires": {
        "stylus": "0.54.5"
      }
    },
    "once": {
      "version": "1.4.0",
      "resolved": "https://registry.npmjs.org/once/-/once-1.4.0.tgz",
      "integrity": "sha1-WDsap3WWHUsROsF9nFC6753Xa9E=",
      "dev": true,
      "requires": {
        "wrappy": "1.0.2"
      }
    },
    "path-is-absolute": {
      "version": "1.0.1",
      "resolved": "https://registry.npmjs.org/path-is-absolute/-/path-is-absolute-1.0.1.tgz",
      "integrity": "sha1-F0uSaHNVNP+8es5r9TpanhtcX18=",
      "dev": true
    },
    "rupture": {
      "version": "0.6.2",
      "resolved": "https://registry.npmjs.org/rupture/-/rupture-0.6.2.tgz",
      "integrity": "sha1-707ukXEf969k439UTPxgpcCDGdM=",
      "dev": true
    },
    "sax": {
      "version": "0.5.8",
      "resolved": "https://registry.npmjs.org/sax/-/sax-0.5.8.tgz",
      "integrity": "sha1-1HLbIo6zMcJQaw6MFVJK25OdEsE=",
      "dev": true
    },
    "source-map": {
      "version": "0.1.43",
      "resolved": "https://registry.npmjs.org/source-map/-/source-map-0.1.43.tgz",
      "integrity": "sha1-wkvBRspRfBRx9drL4lcbK3+eM0Y=",
      "dev": true,
      "requires": {
        "amdefine": "1.0.1"
      }
    },
    "stylus": {
      "version": "0.54.5",
      "resolved": "https://registry.npmjs.org/stylus/-/stylus-0.54.5.tgz",
      "integrity": "sha1-QrlWCTHKcJDOhRWnmLqeaqPW3Hk=",
      "dev": true,
      "requires": {
        "css-parse": "1.7.0",
        "debug": "2.6.8",
        "glob": "7.0.6",
        "mkdirp": "0.5.1",
        "sax": "0.5.8",
        "source-map": "0.1.43"
      }
    },
    "wrappy": {
      "version": "1.0.2",
      "resolved": "https://registry.npmjs.org/wrappy/-/wrappy-1.0.2.tgz",
      "integrity": "sha1-tSQ9jz7BqjXxNkYFvA0QNuMKtp8=",
      "dev": true
    }
  }
}
