{
  "name": "city-mus",
  "version": "0.1.0",
  "lockfileVersion": 1,
  "requires": true,
  "dependencies": {
    "@uirouter/angularjs": {
      "version": "1.0.5",
      "resolved": "https://registry.npmjs.org/@uirouter/angularjs/-/angularjs-1.0.5.tgz",
      "integrity": "sha512-VXNgZxBSfgntz9XsxbB0vkzkUQGUYJnF3S7clVtD4YCzRJnRNWywyYjx7zP2JJc6yBMLYmi8fjSUsQZp39uosg==",
      "requires": {
        "@uirouter/core": "5.0.5"
      }
    },
    "@uirouter/core": {
      "version": "5.0.5",
      "resolved": "https://registry.npmjs.org/@uirouter/core/-/core-5.0.5.tgz",
      "integrity": "sha512-z7zOXZKEFOloIeSMtsDpudWWfXd7L2qmhyxOAve4ZGFYwBn98zYBd2R4CIlPWMpcm4ZwfhIMTVUxCDgSSXrPKw=="
    },
    "angular": {
      "version": "1.6.5",
      "resolved": "https://registry.npmjs.org/angular/-/angular-1.6.5.tgz",
      "integrity": "sha1-N/eI7r7Fzi4/oCsXu8sqIxV2oNY="
    },
    "angular-animate": {
      "version": "1.6.5",
      "resolved": "https://registry.npmjs.org/angular-animate/-/angular-animate-1.6.5.tgz",
      "integrity": "sha1-OBfHWIDQX8iZpsjUsJ0cxipx6To="
    },
    "angular-aria": {
      "version": "1.6.5",
      "resolved": "https://registry.npmjs.org/angular-aria/-/angular-aria-1.6.5.tgz",
      "integrity": "sha1-N9nTU0nfV5NJaNx+FnnZfqlvhjw="
    },
    "angular-messages": {
      "version": "1.6.5",
      "resolved": "https://registry.npmjs.org/angular-messages/-/angular-messages-1.6.5.tgz",
      "integrity": "sha1-zIEnxI38R+af7dCw6t1al9GJg6g="
    },
    "angular-resource": {
      "version": "1.6.5",
      "resolved": "https://registry.npmjs.org/angular-resource/-/angular-resource-1.6.5.tgz",
      "integrity": "sha1-0ecSqwGvpdLsZJ9eRxZzpwTyvkA="
    },
    "angular-route": {
      "version": "1.6.5",
      "resolved": "https://registry.npmjs.org/angular-route/-/angular-route-1.6.5.tgz",
      "integrity": "sha1-r0VZMpn1WHTQJhAYrbEVIKOBfSo="
    },
    "angular-ui-bootstrap": {
      "version": "2.5.0",
      "resolved": "https://registry.npmjs.org/angular-ui-bootstrap/-/angular-ui-bootstrap-2.5.0.tgz",
      "integrity": "sha1-L6zvuRU4ZlXcX0QVAlgDJRcjbQE="
    },
    "bootstrap": {
      "version": "3.3.7",
      "resolved": "https://registry.npmjs.org/bootstrap/-/bootstrap-3.3.7.tgz",
      "integrity": "sha1-WjiTlFSfIzMIdaOxUGVldPip63E="
    }
  }
}
